
Microsoft Visual Studio Solution File, Format Version 12.00
# Visual Studio 2013
VisualStudioVersion = 12.0.30501.0
MinimumVisualStudioVersion = 10.0.40219.1
Project("{FAE04EC0-301F-11D3-BF4B-00C04F79EFBC}") = "demo01", "demo01\demo01.csproj", "{C32C01BF-FB73-4410-B2C6-3FBD2DC3E6A9}"
EndProject
Project("{FAE04EC0-301F-11D3-BF4B-00C04F79EFBC}") = "demo02", "demo02\demo02.csproj", "{59947EA5-0561-4BFF-9915-00E80E1E3FBD}"
EndProject
Project("{FAE04EC0-301F-11D3-BF4B-00C04F79EFBC}") = "demo03", "demo03\demo03.csproj", "{2F9B3E44-30E4-4409-9C72-76C7023F9E37}"
EndProject
Global
	GlobalSection(SolutionConfigurationPlatforms) = preSolution
		Debug|Any CPU = Debug|Any CPU
		Release|Any CPU = Release|Any CPU
	EndGlobalSection
	GlobalSection(ProjectConfigurationPlatforms) = postSolution
		{C32C01BF-FB73-4410-B2C6-3FBD2DC3E6A9}.Debug|Any CPU.ActiveCfg = Debug|Any CPU
		{C32C01BF-FB73-4410-B2C6-3FBD2DC3E6A9}.Debug|Any CPU.Build.0 = Debug|Any CPU
		{C32C01BF-FB73-4410-B2C6-3FBD2DC3E6A9}.Release|Any CPU.ActiveCfg = Release|Any CPU
		{C32C01BF-FB73-4410-B2C6-3FBD2DC3E6A9}.Release|Any CPU.Build.0 = Release|Any CPU
		{59947EA5-0561-4BFF-9915-00E80E1E3FBD}.Debug|Any CPU.ActiveCfg = Debug|Any CPU
		{59947EA5-0561-4BFF-9915-00E80E1E3FBD}.Debug|Any CPU.Build.0 = Debug|Any CPU
		{59947EA5-0561-4BFF-9915-00E80E1E3FBD}.Release|Any CPU.ActiveCfg = Release|Any CPU
		{59947EA5-0561-4BFF-9915-00E80E1E3FBD}.Release|Any CPU.Build.0 = Release|Any CPU
		{2F9B3E44-30E4-4409-9C72-76C7023F9E37}.Debug|Any CPU.ActiveCfg = Debug|Any CPU
		{2F9B3E44-30E4-4409-9C72-76C7023F9E37}.Debug|Any CPU.Build.0 = Debug|Any CPU
		{2F9B3E44-30E4-4409-9C72-76C7023F9E37}.Release|Any CPU.ActiveCfg = Release|Any CPU
		{2F9B3E44-30E4-4409-9C72-76C7023F9E37}.Release|Any CPU.Build.0 = Release|Any CPU
	EndGlobalSection
	GlobalSection(SolutionProperties) = preSolution
		HideSolutionNode = FALSE
	EndGlobalSection
EndGlobal
